
Microsoft Visual Studio Solution File, Format Version 12.00
# Visual Studio Version 17
VisualStudioVersion = 17.8.34511.84
MinimumVisualStudioVersion = 10.0.40219.1
Project("{FAE04EC0-301F-11D3-BF4B-00C04F79EFBC}") = "save manager", "save manager\save manager.csproj", "{30D7C952-8515-416C-82FF-1DBCE67E5BEE}"
EndProject
Global
	GlobalSection(SolutionConfigurationPlatforms) = preSolution
		Debug|Any CPU = Debug|Any CPU
		Release|Any CPU = Release|Any CPU
	EndGlobalSection
	GlobalSection(ProjectConfigurationPlatforms) = postSolution
		{30D7C952-8515-416C-82FF-1DBCE67E5BEE}.Debug|Any CPU.ActiveCfg = Debug|Any CPU
		{30D7C952-8515-416C-82FF-1DBCE67E5BEE}.Debug|Any CPU.Build.0 = Debug|Any CPU
		{30D7C952-8515-416C-82FF-1DBCE67E5BEE}.Release|Any CPU.ActiveCfg = Release|Any CPU
		{30D7C952-8515-416C-82FF-1DBCE67E5BEE}.Release|Any CPU.Build.0 = Release|Any CPU
	EndGlobalSection
	GlobalSection(SolutionProperties) = preSolution
		HideSolutionNode = FALSE
	EndGlobalSection
	GlobalSection(ExtensibilityGlobals) = postSolution
		SolutionGuid = {75FFC09E-3445-40C6-A2BA-A8A7E7A83863}
	EndGlobalSection
EndGlobal
